
Microsoft Visual Studio Solution File, Format Version 12.00
# Visual Studio Version 16
VisualStudioVersion = 16.0.31624.102
MinimumVisualStudioVersion = 10.0.40219.1
Project("{FAE04EC0-301F-11D3-BF4B-00C04F79EFBC}") = "Ultimate_Csharp_part1", "Ultimate_Csharp_part1\Ultimate_Csharp_part1.csproj", "{78A0AA9C-66A3-4486-AC28-D890DC105A87}"
EndProject
Project("{FAE04EC0-301F-11D3-BF4B-00C04F79EFBC}") = "primitive types and expressions", "primitive types and expressions\primitive types and expressions.csproj", "{637E9F55-D516-4EC1-AEB2-EC2E9395275B}"
EndProject
Project("{FAE04EC0-301F-11D3-BF4B-00C04F79EFBC}") = "type conversion", "type conversion\type conversion.csproj", "{D75B259E-5AD9-452B-8774-C4D7CFAD646F}"
EndProject
Project("{FAE04EC0-301F-11D3-BF4B-00C04F79EFBC}") = "Classes and Arrays", "Classes and Arrays\Classes and Arrays.csproj", "{641EB89A-A16A-4FCD-A913-4B00DE2F6E37}"
EndProject
Project("{FAE04EC0-301F-11D3-BF4B-00C04F79EFBC}") = "Arrays_Strings", "Arrays_Strings\Arrays_Strings.csproj", "{1E4046BA-93B1-41FC-B86E-79D5441A17FA}"
EndProject
Project("{FAE04EC0-301F-11D3-BF4B-00C04F79EFBC}") = "Enum_ReferenceTypes_ValueTypes", "Enum_ReferenceTypes_ValueTypes\Enum_ReferenceTypes_ValueTypes.csproj", "{9E7AC490-265B-499F-B105-FF7EFEE2F143}"
EndProject
Project("{FAE04EC0-301F-11D3-BF4B-00C04F79EFBC}") = "ConditionalStatements", "ConditionalStatements\ConditionalStatements.csproj", "{B81A0F40-1F1C-4D46-AFAD-19088FF63FBB}"
EndProject
Project("{FAE04EC0-301F-11D3-BF4B-00C04F79EFBC}") = "Loops", "Loops\Loops.csproj", "{140906E4-DF53-4089-856E-3241A221336F}"
EndProject
Global
	GlobalSection(SolutionConfigurationPlatforms) = preSolution
		Debug|Any CPU = Debug|Any CPU
		Release|Any CPU = Release|Any CPU
	EndGlobalSection
	GlobalSection(ProjectConfigurationPlatforms) = postSolution
		{78A0AA9C-66A3-4486-AC28-D890DC105A87}.Debug|Any CPU.ActiveCfg = Debug|Any CPU
		{78A0AA9C-66A3-4486-AC28-D890DC105A87}.Debug|Any CPU.Build.0 = Debug|Any CPU
		{78A0AA9C-66A3-4486-AC28-D890DC105A87}.Release|Any CPU.ActiveCfg = Release|Any CPU
		{78A0AA9C-66A3-4486-AC28-D890DC105A87}.Release|Any CPU.Build.0 = Release|Any CPU
		{637E9F55-D516-4EC1-AEB2-EC2E9395275B}.Debug|Any CPU.ActiveCfg = Debug|Any CPU
		{637E9F55-D516-4EC1-AEB2-EC2E9395275B}.Debug|Any CPU.Build.0 = Debug|Any CPU
		{637E9F55-D516-4EC1-AEB2-EC2E9395275B}.Release|Any CPU.ActiveCfg = Release|Any CPU
		{637E9F55-D516-4EC1-AEB2-EC2E9395275B}.Release|Any CPU.Build.0 = Release|Any CPU
		{D75B259E-5AD9-452B-8774-C4D7CFAD646F}.Debug|Any CPU.ActiveCfg = Debug|Any CPU
		{D75B259E-5AD9-452B-8774-C4D7CFAD646F}.Debug|Any CPU.Build.0 = Debug|Any CPU
		{D75B259E-5AD9-452B-8774-C4D7CFAD646F}.Release|Any CPU.ActiveCfg = Release|Any CPU
		{D75B259E-5AD9-452B-8774-C4D7CFAD646F}.Release|Any CPU.Build.0 = Release|Any CPU
		{641EB89A-A16A-4FCD-A913-4B00DE2F6E37}.Debug|Any CPU.ActiveCfg = Debug|Any CPU
		{641EB89A-A16A-4FCD-A913-4B00DE2F6E37}.Debug|Any CPU.Build.0 = Debug|Any CPU
		{641EB89A-A16A-4FCD-A913-4B00DE2F6E37}.Release|Any CPU.ActiveCfg = Release|Any CPU
		{641EB89A-A16A-4FCD-A913-4B00DE2F6E37}.Release|Any CPU.Build.0 = Release|Any CPU
		{1E4046BA-93B1-41FC-B86E-79D5441A17FA}.Debug|Any CPU.ActiveCfg = Debug|Any CPU
		{1E4046BA-93B1-41FC-B86E-79D5441A17FA}.Debug|Any CPU.Build.0 = Debug|Any CPU
		{1E4046BA-93B1-41FC-B86E-79D5441A17FA}.Release|Any CPU.ActiveCfg = Release|Any CPU
		{1E4046BA-93B1-41FC-B86E-79D5441A17FA}.Release|Any CPU.Build.0 = Release|Any CPU
		{9E7AC490-265B-499F-B105-FF7EFEE2F143}.Debug|Any CPU.ActiveCfg = Debug|Any CPU
		{9E7AC490-265B-499F-B105-FF7EFEE2F143}.Debug|Any CPU.Build.0 = Debug|Any CPU
		{9E7AC490-265B-499F-B105-FF7EFEE2F143}.Release|Any CPU.ActiveCfg = Release|Any CPU
		{9E7AC490-265B-499F-B105-FF7EFEE2F143}.Release|Any CPU.Build.0 = Release|Any CPU
		{B81A0F40-1F1C-4D46-AFAD-19088FF63FBB}.Debug|Any CPU.ActiveCfg = Debug|Any CPU
		{B81A0F40-1F1C-4D46-AFAD-19088FF63FBB}.Debug|Any CPU.Build.0 = Debug|Any CPU
		{B81A0F40-1F1C-4D46-AFAD-19088FF63FBB}.Release|Any CPU.ActiveCfg = Release|Any CPU
		{B81A0F40-1F1C-4D46-AFAD-19088FF63FBB}.Release|Any CPU.Build.0 = Release|Any CPU
		{140906E4-DF53-4089-856E-3241A221336F}.Debug|Any CPU.ActiveCfg = Debug|Any CPU
		{140906E4-DF53-4089-856E-3241A221336F}.Debug|Any CPU.Build.0 = Debug|Any CPU
		{140906E4-DF53-4089-856E-3241A221336F}.Release|Any CPU.ActiveCfg = Release|Any CPU
		{140906E4-DF53-4089-856E-3241A221336F}.Release|Any CPU.Build.0 = Release|Any CPU
	EndGlobalSection
	GlobalSection(SolutionProperties) = preSolution
		HideSolutionNode = FALSE
	EndGlobalSection
	GlobalSection(ExtensibilityGlobals) = postSolution
		SolutionGuid = {34DA09C5-5B9C-47B9-B8EB-895C2E3361AC}
	EndGlobalSection
EndGlobal
